<?xml version="1.0" encoding="UTF-8"?>
<CodeBlocks_project_file>
	<FileVersion major="1" minor="6"/>
	<Project>
		<Option title="Fitness-Equipment"/>
		<Option makefile_is_custom="1"/>
		<Option compiler="gcc"/>
		<Option virtualFolders="CMake Files\;CMake Files\..\;CMake Files\..\..\;CMake Files\..\..\..\;CMake Files\..\..\..\..\;CMake Files\..\..\..\..\Qt5.14.2\;CMake Files\..\..\..\..\Qt5.14.2\5.14.2\;CMake Files\..\..\..\..\Qt5.14.2\5.14.2\gcc_64\;CMake Files\..\..\..\..\Qt5.14.2\5.14.2\gcc_64\lib\;CMake Files\..\..\..\..\Qt5.14.2\5.14.2\gcc_64\lib\cmake\;CMake Files\..\..\..\..\Qt5.14.2\5.14.2\gcc_64\lib\cmake\Qt5\;CMake Files\..\..\..\..\Qt5.14.2\5.14.2\gcc_64\lib\cmake\Qt5Widgets\;CMake Files\..\..\..\..\Qt5.14.2\5.14.2\gcc_64\lib\cmake\Qt5Gui\;CMake Files\..\..\..\..\Qt5.14.2\5.14.2\gcc_64\lib\cmake\Qt5Core\;"/>
		<Build>
			<Target title="all">
				<Option working_dir="/home/yuanluochen/code/working/Fitness-Eqiupment/build-Fitness-Equipment-Desktop_Qt_5_14_2_GCC_64bit-Debug"/>
				<Option type="4"/>
				<MakeCommands>
					<Build command="/usr/bin/gmake -j16 -f &quot;/home/yuanluochen/code/working/Fitness-Eqiupment/build-Fitness-Equipment-Desktop_Qt_5_14_2_GCC_64bit-Debug/Makefile&quot;  VERBOSE=1 all"/>
					<CompileFile command="/usr/bin/gmake -j16 -f &quot;/home/yuanluochen/code/working/Fitness-Eqiupment/build-Fitness-Equipment-Desktop_Qt_5_14_2_GCC_64bit-Debug/Makefile&quot;  VERBOSE=1 &quot;$file&quot;"/>
					<Clean command="/usr/bin/gmake -j16 -f &quot;/home/yuanluochen/code/working/Fitness-Eqiupment/build-Fitness-Equipment-Desktop_Qt_5_14_2_GCC_64bit-Debug/Makefile&quot;  VERBOSE=1 clean"/>
					<DistClean command="/usr/bin/gmake -j16 -f &quot;/home/yuanluochen/code/working/Fitness-Eqiupment/build-Fitness-Equipment-Desktop_Qt_5_14_2_GCC_64bit-Debug/Makefile&quot;  VERBOSE=1 clean"/>
				</MakeCommands>
			</Target>
			<Target title="Fitness-Equipment">
				<Option output="/home/yuanluochen/code/working/Fitness-Eqiupment/build-Fitness-Equipment-Desktop_Qt_5_14_2_GCC_64bit-Debug/Fitness-Equipment" prefix_auto="0" extension_auto="0"/>
				<Option working_dir="/home/yuanluochen/code/working/Fitness-Eqiupment/build-Fitness-Equipment-Desktop_Qt_5_14_2_GCC_64bit-Debug"/>
				<Option object_output="./"/>
				<Option type="1"/>
				<Option compiler="gcc"/>
				<Compiler>
					<Add option="-DQT_WIDGETS_LIB"/>
					<Add option="-DQT_GUI_LIB"/>
					<Add option="-DQT_CORE_LIB"/>
					<Add directory="/home/yuanluochen/code/working/Fitness-Eqiupment/build-Fitness-Equipment-Desktop_Qt_5_14_2_GCC_64bit-Debug"/>
					<Add directory="/home/yuanluochen/code/working/Fitness-Eqiupment/Fitness-Equipment"/>
					<Add directory="/home/yuanluochen/code/working/Fitness-Eqiupment/build-Fitness-Equipment-Desktop_Qt_5_14_2_GCC_64bit-Debug/Fitness-Equipment_autogen/include"/>
					<Add directory="/home/yuanluochen/Qt5.14.2/5.14.2/gcc_64/include"/>
					<Add directory="/home/yuanluochen/Qt5.14.2/5.14.2/gcc_64/include/QtWidgets"/>
					<Add directory="/home/yuanluochen/Qt5.14.2/5.14.2/gcc_64/include/QtGui"/>
					<Add directory="/usr/include"/>
					<Add directory="/home/yuanluochen/Qt5.14.2/5.14.2/gcc_64/include/QtCore"/>
					<Add directory="/home/yuanluochen/Qt5.14.2/5.14.2/gcc_64/./mkspecs/linux-g++"/>
					<Add directory="/usr/include/c++/11"/>
					<Add directory="/usr/include/x86_64-linux-gnu/c++/11"/>
					<Add directory="/usr/include/c++/11/backward"/>
					<Add directory="/usr/lib/gcc/x86_64-linux-gnu/11/include"/>
					<Add directory="/usr/local/include"/>
					<Add directory="/usr/include/x86_64-linux-gnu"/>
				</Compiler>
				<MakeCommands>
					<Build command="/usr/bin/gmake -j16 -f &quot;/home/yuanluochen/code/working/Fitness-Eqiupment/build-Fitness-Equipment-Desktop_Qt_5_14_2_GCC_64bit-Debug/Makefile&quot;  VERBOSE=1 Fitness-Equipment"/>
					<CompileFile command="/usr/bin/gmake -j16 -f &quot;/home/yuanluochen/code/working/Fitness-Eqiupment/build-Fitness-Equipment-Desktop_Qt_5_14_2_GCC_64bit-Debug/Makefile&quot;  VERBOSE=1 &quot;$file&quot;"/>
					<Clean command="/usr/bin/gmake -j16 -f &quot;/home/yuanluochen/code/working/Fitness-Eqiupment/build-Fitness-Equipment-Desktop_Qt_5_14_2_GCC_64bit-Debug/Makefile&quot;  VERBOSE=1 clean"/>
					<DistClean command="/usr/bin/gmake -j16 -f &quot;/home/yuanluochen/code/working/Fitness-Eqiupment/build-Fitness-Equipment-Desktop_Qt_5_14_2_GCC_64bit-Debug/Makefile&quot;  VERBOSE=1 clean"/>
				</MakeCommands>
			</Target>
			<Target title="Fitness-Equipment/fast">
				<Option output="/home/yuanluochen/code/working/Fitness-Eqiupment/build-Fitness-Equipment-Desktop_Qt_5_14_2_GCC_64bit-Debug/Fitness-Equipment" prefix_auto="0" extension_auto="0"/>
				<Option working_dir="/home/yuanluochen/code/working/Fitness-Eqiupment/build-Fitness-Equipment-Desktop_Qt_5_14_2_GCC_64bit-Debug"/>
				<Option object_output="./"/>
				<Option type="1"/>
				<Option compiler="gcc"/>
				<Compiler>
					<Add option="-DQT_WIDGETS_LIB"/>
					<Add option="-DQT_GUI_LIB"/>
					<Add option="-DQT_CORE_LIB"/>
					<Add directory="/home/yuanluochen/code/working/Fitness-Eqiupment/build-Fitness-Equipment-Desktop_Qt_5_14_2_GCC_64bit-Debug"/>
					<Add directory="/home/yuanluochen/code/working/Fitness-Eqiupment/Fitness-Equipment"/>
					<Add directory="/home/yuanluochen/code/working/Fitness-Eqiupment/build-Fitness-Equipment-Desktop_Qt_5_14_2_GCC_64bit-Debug/Fitness-Equipment_autogen/include"/>
					<Add directory="/home/yuanluochen/Qt5.14.2/5.14.2/gcc_64/include"/>
					<Add directory="/home/yuanluochen/Qt5.14.2/5.14.2/gcc_64/include/QtWidgets"/>
					<Add directory="/home/yuanluochen/Qt5.14.2/5.14.2/gcc_64/include/QtGui"/>
					<Add directory="/usr/include"/>
					<Add directory="/home/yuanluochen/Qt5.14.2/5.14.2/gcc_64/include/QtCore"/>
					<Add directory="/home/yuanluochen/Qt5.14.2/5.14.2/gcc_64/./mkspecs/linux-g++"/>
					<Add directory="/usr/include/c++/11"/>
					<Add directory="/usr/include/x86_64-linux-gnu/c++/11"/>
					<Add directory="/usr/include/c++/11/backward"/>
					<Add directory="/usr/lib/gcc/x86_64-linux-gnu/11/include"/>
					<Add directory="/usr/local/include"/>
					<Add directory="/usr/include/x86_64-linux-gnu"/>
				</Compiler>
				<MakeCommands>
					<Build command="/usr/bin/gmake -j16 -f &quot;/home/yuanluochen/code/working/Fitness-Eqiupment/build-Fitness-Equipment-Desktop_Qt_5_14_2_GCC_64bit-Debug/Makefile&quot;  VERBOSE=1 Fitness-Equipment/fast"/>
					<CompileFile command="/usr/bin/gmake -j16 -f &quot;/home/yuanluochen/code/working/Fitness-Eqiupment/build-Fitness-Equipment-Desktop_Qt_5_14_2_GCC_64bit-Debug/Makefile&quot;  VERBOSE=1 &quot;$file&quot;"/>
					<Clean command="/usr/bin/gmake -j16 -f &quot;/home/yuanluochen/code/working/Fitness-Eqiupment/build-Fitness-Equipment-Desktop_Qt_5_14_2_GCC_64bit-Debug/Makefile&quot;  VERBOSE=1 clean"/>
					<DistClean command="/usr/bin/gmake -j16 -f &quot;/home/yuanluochen/code/working/Fitness-Eqiupment/build-Fitness-Equipment-Desktop_Qt_5_14_2_GCC_64bit-Debug/Makefile&quot;  VERBOSE=1 clean"/>
				</MakeCommands>
			</Target>
			<Target title="edit_cache">
				<Option working_dir="/home/yuanluochen/code/working/Fitness-Eqiupment/build-Fitness-Equipment-Desktop_Qt_5_14_2_GCC_64bit-Debug"/>
				<Option type="4"/>
				<MakeCommands>
					<Build command="/usr/bin/gmake -j16 -f &quot;/home/yuanluochen/code/working/Fitness-Eqiupment/build-Fitness-Equipment-Desktop_Qt_5_14_2_GCC_64bit-Debug/Makefile&quot;  VERBOSE=1 edit_cache"/>
					<CompileFile command="/usr/bin/gmake -j16 -f &quot;/home/yuanluochen/code/working/Fitness-Eqiupment/build-Fitness-Equipment-Desktop_Qt_5_14_2_GCC_64bit-Debug/Makefile&quot;  VERBOSE=1 &quot;$file&quot;"/>
					<Clean command="/usr/bin/gmake -j16 -f &quot;/home/yuanluochen/code/working/Fitness-Eqiupment/build-Fitness-Equipment-Desktop_Qt_5_14_2_GCC_64bit-Debug/Makefile&quot;  VERBOSE=1 clean"/>
					<DistClean command="/usr/bin/gmake -j16 -f &quot;/home/yuanluochen/code/working/Fitness-Eqiupment/build-Fitness-Equipment-Desktop_Qt_5_14_2_GCC_64bit-Debug/Makefile&quot;  VERBOSE=1 clean"/>
				</MakeCommands>
			</Target>
			<Target title="rebuild_cache">
				<Option working_dir="/home/yuanluochen/code/working/Fitness-Eqiupment/build-Fitness-Equipment-Desktop_Qt_5_14_2_GCC_64bit-Debug"/>
				<Option type="4"/>
				<MakeCommands>
					<Build command="/usr/bin/gmake -j16 -f &quot;/home/yuanluochen/code/working/Fitness-Eqiupment/build-Fitness-Equipment-Desktop_Qt_5_14_2_GCC_64bit-Debug/Makefile&quot;  VERBOSE=1 rebuild_cache"/>
					<CompileFile command="/usr/bin/gmake -j16 -f &quot;/home/yuanluochen/code/working/Fitness-Eqiupment/build-Fitness-Equipment-Desktop_Qt_5_14_2_GCC_64bit-Debug/Makefile&quot;  VERBOSE=1 &quot;$file&quot;"/>
					<Clean command="/usr/bin/gmake -j16 -f &quot;/home/yuanluochen/code/working/Fitness-Eqiupment/build-Fitness-Equipment-Desktop_Qt_5_14_2_GCC_64bit-Debug/Makefile&quot;  VERBOSE=1 clean"/>
					<DistClean command="/usr/bin/gmake -j16 -f &quot;/home/yuanluochen/code/working/Fitness-Eqiupment/build-Fitness-Equipment-Desktop_Qt_5_14_2_GCC_64bit-Debug/Makefile&quot;  VERBOSE=1 clean"/>
				</MakeCommands>
			</Target>
			<Target title="Fitness-Equipment_autogen">
				<Option working_dir="/home/yuanluochen/code/working/Fitness-Eqiupment/build-Fitness-Equipment-Desktop_Qt_5_14_2_GCC_64bit-Debug"/>
				<Option type="4"/>
				<MakeCommands>
					<Build command="/usr/bin/gmake -j16 -f &quot;/home/yuanluochen/code/working/Fitness-Eqiupment/build-Fitness-Equipment-Desktop_Qt_5_14_2_GCC_64bit-Debug/Makefile&quot;  VERBOSE=1 Fitness-Equipment_autogen"/>
					<CompileFile command="/usr/bin/gmake -j16 -f &quot;/home/yuanluochen/code/working/Fitness-Eqiupment/build-Fitness-Equipment-Desktop_Qt_5_14_2_GCC_64bit-Debug/Makefile&quot;  VERBOSE=1 &quot;$file&quot;"/>
					<Clean command="/usr/bin/gmake -j16 -f &quot;/home/yuanluochen/code/working/Fitness-Eqiupment/build-Fitness-Equipment-Desktop_Qt_5_14_2_GCC_64bit-Debug/Makefile&quot;  VERBOSE=1 clean"/>
					<DistClean command="/usr/bin/gmake -j16 -f &quot;/home/yuanluochen/code/working/Fitness-Eqiupment/build-Fitness-Equipment-Desktop_Qt_5_14_2_GCC_64bit-Debug/Makefile&quot;  VERBOSE=1 clean"/>
				</MakeCommands>
			</Target>
		</Build>
		<Unit filename="/home/yuanluochen/code/working/Fitness-Eqiupment/Fitness-Equipment/main.cpp">
			<Option target="Fitness-Equipment"/>
		</Unit>
		<Unit filename="/home/yuanluochen/code/working/Fitness-Eqiupment/Fitness-Equipment/mainwindow.cpp">
			<Option target="Fitness-Equipment"/>
		</Unit>
		<Unit filename="/home/yuanluochen/code/working/Fitness-Eqiupment/Fitness-Equipment/mainwindow.h">
			<Option target="Fitness-Equipment"/>
		</Unit>
		<Unit filename="/home/yuanluochen/code/working/Fitness-Eqiupment/Fitness-Equipment/mainwindow.ui">
			<Option target="Fitness-Equipment"/>
		</Unit>
		<Unit filename="/home/yuanluochen/code/working/Fitness-Eqiupment/build-Fitness-Equipment-Desktop_Qt_5_14_2_GCC_64bit-Debug/Fitness-Equipment_autogen/include/ui_mainwindow.h">
			<Option target="Fitness-Equipment"/>
		</Unit>
		<Unit filename="/home/yuanluochen/code/working/Fitness-Eqiupment/build-Fitness-Equipment-Desktop_Qt_5_14_2_GCC_64bit-Debug/Fitness-Equipment_autogen/mocs_compilation.cpp">
			<Option target="Fitness-Equipment"/>
		</Unit>
		<Unit filename="/home/yuanluochen/code/working/Fitness-Eqiupment/Fitness-Equipment/CMakeLists.txt">
			<Option virtualFolder="CMake Files\"/>
		</Unit>
		<Unit filename="/home/yuanluochen/code/working/Fitness-Eqiupment/Fitness-Equipment/../../../../Qt5.14.2/5.14.2/gcc_64/lib/cmake/Qt5/Qt5Config.cmake">
			<Option virtualFolder="CMake Files\..\..\..\..\Qt5.14.2\5.14.2\gcc_64\lib\cmake\Qt5\"/>
		</Unit>
		<Unit filename="/home/yuanluochen/code/working/Fitness-Eqiupment/Fitness-Equipment/../../../../Qt5.14.2/5.14.2/gcc_64/lib/cmake/Qt5/Qt5ConfigVersion.cmake">
			<Option virtualFolder="CMake Files\..\..\..\..\Qt5.14.2\5.14.2\gcc_64\lib\cmake\Qt5\"/>
		</Unit>
		<Unit filename="/home/yuanluochen/code/working/Fitness-Eqiupment/Fitness-Equipment/../../../../Qt5.14.2/5.14.2/gcc_64/lib/cmake/Qt5/Qt5ModuleLocation.cmake">
			<Option virtualFolder="CMake Files\..\..\..\..\Qt5.14.2\5.14.2\gcc_64\lib\cmake\Qt5\"/>
		</Unit>
		<Unit filename="/home/yuanluochen/code/working/Fitness-Eqiupment/Fitness-Equipment/../../../../Qt5.14.2/5.14.2/gcc_64/lib/cmake/Qt5Widgets/Qt5WidgetsConfig.cmake">
			<Option virtualFolder="CMake Files\..\..\..\..\Qt5.14.2\5.14.2\gcc_64\lib\cmake\Qt5Widgets\"/>
		</Unit>
		<Unit filename="/home/yuanluochen/code/working/Fitness-Eqiupment/Fitness-Equipment/../../../../Qt5.14.2/5.14.2/gcc_64/lib/cmake/Qt5Widgets/Qt5WidgetsConfigExtras.cmake">
			<Option virtualFolder="CMake Files\..\..\..\..\Qt5.14.2\5.14.2\gcc_64\lib\cmake\Qt5Widgets\"/>
		</Unit>
		<Unit filename="/home/yuanluochen/code/working/Fitness-Eqiupment/Fitness-Equipment/../../../../Qt5.14.2/5.14.2/gcc_64/lib/cmake/Qt5Widgets/Qt5WidgetsConfigVersion.cmake">
			<Option virtualFolder="CMake Files\..\..\..\..\Qt5.14.2\5.14.2\gcc_64\lib\cmake\Qt5Widgets\"/>
		</Unit>
		<Unit filename="/home/yuanluochen/code/working/Fitness-Eqiupment/Fitness-Equipment/../../../../Qt5.14.2/5.14.2/gcc_64/lib/cmake/Qt5Widgets/Qt5WidgetsMacros.cmake">
			<Option virtualFolder="CMake Files\..\..\..\..\Qt5.14.2\5.14.2\gcc_64\lib\cmake\Qt5Widgets\"/>
		</Unit>
		<Unit filename="/home/yuanluochen/code/working/Fitness-Eqiupment/Fitness-Equipment/../../../../Qt5.14.2/5.14.2/gcc_64/lib/cmake/Qt5Gui/Qt5GuiConfig.cmake">
			<Option virtualFolder="CMake Files\..\..\..\..\Qt5.14.2\5.14.2\gcc_64\lib\cmake\Qt5Gui\"/>
		</Unit>
		<Unit filename="/home/yuanluochen/code/working/Fitness-Eqiupment/Fitness-Equipment/../../../../Qt5.14.2/5.14.2/gcc_64/lib/cmake/Qt5Gui/Qt5GuiConfigExtras.cmake">
			<Option virtualFolder="CMake Files\..\..\..\..\Qt5.14.2\5.14.2\gcc_64\lib\cmake\Qt5Gui\"/>
		</Unit>
		<Unit filename="/home/yuanluochen/code/working/Fitness-Eqiupment/Fitness-Equipment/../../../../Qt5.14.2/5.14.2/gcc_64/lib/cmake/Qt5Gui/Qt5GuiConfigVersion.cmake">
			<Option virtualFolder="CMake Files\..\..\..\..\Qt5.14.2\5.14.2\gcc_64\lib\cmake\Qt5Gui\"/>
		</Unit>
		<Unit filename="/home/yuanluochen/code/working/Fitness-Eqiupment/Fitness-Equipment/../../../../Qt5.14.2/5.14.2/gcc_64/lib/cmake/Qt5Gui/Qt5Gui_QComposePlatformInputContextPlugin.cmake">
			<Option virtualFolder="CMake Files\..\..\..\..\Qt5.14.2\5.14.2\gcc_64\lib\cmake\Qt5Gui\"/>
		</Unit>
		<Unit filename="/home/yuanluochen/code/working/Fitness-Eqiupment/Fitness-Equipment/../../../../Qt5.14.2/5.14.2/gcc_64/lib/cmake/Qt5Gui/Qt5Gui_QEglFSEmulatorIntegrationPlugin.cmake">
			<Option virtualFolder="CMake Files\..\..\..\..\Qt5.14.2\5.14.2\gcc_64\lib\cmake\Qt5Gui\"/>
		</Unit>
		<Unit filename="/home/yuanluochen/code/working/Fitness-Eqiupment/Fitness-Equipment/../../../../Qt5.14.2/5.14.2/gcc_64/lib/cmake/Qt5Gui/Qt5Gui_QEglFSIntegrationPlugin.cmake">
			<Option virtualFolder="CMake Files\..\..\..\..\Qt5.14.2\5.14.2\gcc_64\lib\cmake\Qt5Gui\"/>
		</Unit>
		<Unit filename="/home/yuanluochen/code/working/Fitness-Eqiupment/Fitness-Equipment/../../../../Qt5.14.2/5.14.2/gcc_64/lib/cmake/Qt5Gui/Qt5Gui_QEglFSKmsEglDeviceIntegrationPlugin.cmake">
			<Option virtualFolder="CMake Files\..\..\..\..\Qt5.14.2\5.14.2\gcc_64\lib\cmake\Qt5Gui\"/>
		</Unit>
		<Unit filename="/home/yuanluochen/code/working/Fitness-Eqiupment/Fitness-Equipment/../../../../Qt5.14.2/5.14.2/gcc_64/lib/cmake/Qt5Gui/Qt5Gui_QEglFSX11IntegrationPlugin.cmake">
			<Option virtualFolder="CMake Files\..\..\..\..\Qt5.14.2\5.14.2\gcc_64\lib\cmake\Qt5Gui\"/>
		</Unit>
		<Unit filename="/home/yuanluochen/code/working/Fitness-Eqiupment/Fitness-Equipment/../../../../Qt5.14.2/5.14.2/gcc_64/lib/cmake/Qt5Gui/Qt5Gui_QEvdevKeyboardPlugin.cmake">
			<Option virtualFolder="CMake Files\..\..\..\..\Qt5.14.2\5.14.2\gcc_64\lib\cmake\Qt5Gui\"/>
		</Unit>
		<Unit filename="/home/yuanluochen/code/working/Fitness-Eqiupment/Fitness-Equipment/../../../../Qt5.14.2/5.14.2/gcc_64/lib/cmake/Qt5Gui/Qt5Gui_QEvdevMousePlugin.cmake">
			<Option virtualFolder="CMake Files\..\..\..\..\Qt5.14.2\5.14.2\gcc_64\lib\cmake\Qt5Gui\"/>
		</Unit>
		<Unit filename="/home/yuanluochen/code/working/Fitness-Eqiupment/Fitness-Equipment/../../../../Qt5.14.2/5.14.2/gcc_64/lib/cmake/Qt5Gui/Qt5Gui_QEvdevTabletPlugin.cmake">
			<Option virtualFolder="CMake Files\..\..\..\..\Qt5.14.2\5.14.2\gcc_64\lib\cmake\Qt5Gui\"/>
		</Unit>
		<Unit filename="/home/yuanluochen/code/working/Fitness-Eqiupment/Fitness-Equipment/../../../../Qt5.14.2/5.14.2/gcc_64/lib/cmake/Qt5Gui/Qt5Gui_QEvdevTouchScreenPlugin.cmake">
			<Option virtualFolder="CMake Files\..\..\..\..\Qt5.14.2\5.14.2\gcc_64\lib\cmake\Qt5Gui\"/>
		</Unit>
		<Unit filename="/home/yuanluochen/code/working/Fitness-Eqiupment/Fitness-Equipment/../../../../Qt5.14.2/5.14.2/gcc_64/lib/cmake/Qt5Gui/Qt5Gui_QGifPlugin.cmake">
			<Option virtualFolder="CMake Files\..\..\..\..\Qt5.14.2\5.14.2\gcc_64\lib\cmake\Qt5Gui\"/>
		</Unit>
		<Unit filename="/home/yuanluochen/code/working/Fitness-Eqiupment/Fitness-Equipment/../../../../Qt5.14.2/5.14.2/gcc_64/lib/cmake/Qt5Gui/Qt5Gui_QGtk3ThemePlugin.cmake">
			<Option virtualFolder="CMake Files\..\..\..\..\Qt5.14.2\5.14.2\gcc_64\lib\cmake\Qt5Gui\"/>
		</Unit>
		<Unit filename="/home/yuanluochen/code/working/Fitness-Eqiupment/Fitness-Equipment/../../../../Qt5.14.2/5.14.2/gcc_64/lib/cmake/Qt5Gui/Qt5Gui_QICNSPlugin.cmake">
			<Option virtualFolder="CMake Files\..\..\..\..\Qt5.14.2\5.14.2\gcc_64\lib\cmake\Qt5Gui\"/>
		</Unit>
		<Unit filename="/home/yuanluochen/code/working/Fitness-Eqiupment/Fitness-Equipment/../../../../Qt5.14.2/5.14.2/gcc_64/lib/cmake/Qt5Gui/Qt5Gui_QICOPlugin.cmake">
			<Option virtualFolder="CMake Files\..\..\..\..\Qt5.14.2\5.14.2\gcc_64\lib\cmake\Qt5Gui\"/>
		</Unit>
		<Unit filename="/home/yuanluochen/code/working/Fitness-Eqiupment/Fitness-Equipment/../../../../Qt5.14.2/5.14.2/gcc_64/lib/cmake/Qt5Gui/Qt5Gui_QIbusPlatformInputContextPlugin.cmake">
			<Option virtualFolder="CMake Files\..\..\..\..\Qt5.14.2\5.14.2\gcc_64\lib\cmake\Qt5Gui\"/>
		</Unit>
		<Unit filename="/home/yuanluochen/code/working/Fitness-Eqiupment/Fitness-Equipment/../../../../Qt5.14.2/5.14.2/gcc_64/lib/cmake/Qt5Gui/Qt5Gui_QJpegPlugin.cmake">
			<Option virtualFolder="CMake Files\..\..\..\..\Qt5.14.2\5.14.2\gcc_64\lib\cmake\Qt5Gui\"/>
		</Unit>
		<Unit filename="/home/yuanluochen/code/working/Fitness-Eqiupment/Fitness-Equipment/../../../../Qt5.14.2/5.14.2/gcc_64/lib/cmake/Qt5Gui/Qt5Gui_QLinuxFbIntegrationPlugin.cmake">
			<Option virtualFolder="CMake Files\..\..\..\..\Qt5.14.2\5.14.2\gcc_64\lib\cmake\Qt5Gui\"/>
		</Unit>
		<Unit filename="/home/yuanluochen/code/working/Fitness-Eqiupment/Fitness-Equipment/../../../../Qt5.14.2/5.14.2/gcc_64/lib/cmake/Qt5Gui/Qt5Gui_QMinimalEglIntegrationPlugin.cmake">
			<Option virtualFolder="CMake Files\..\..\..\..\Qt5.14.2\5.14.2\gcc_64\lib\cmake\Qt5Gui\"/>
		</Unit>
		<Unit filename="/home/yuanluochen/code/working/Fitness-Eqiupment/Fitness-Equipment/../../../../Qt5.14.2/5.14.2/gcc_64/lib/cmake/Qt5Gui/Qt5Gui_QMinimalIntegrationPlugin.cmake">
			<Option virtualFolder="CMake Files\..\..\..\..\Qt5.14.2\5.14.2\gcc_64\lib\cmake\Qt5Gui\"/>
		</Unit>
		<Unit filename="/home/yuanluochen/code/working/Fitness-Eqiupment/Fitness-Equipment/../../../../Qt5.14.2/5.14.2/gcc_64/lib/cmake/Qt5Gui/Qt5Gui_QOffscreenIntegrationPlugin.cmake">
			<Option virtualFolder="CMake Files\..\..\..\..\Qt5.14.2\5.14.2\gcc_64\lib\cmake\Qt5Gui\"/>
		</Unit>
		<Unit filename="/home/yuanluochen/code/working/Fitness-Eqiupment/Fitness-Equipment/../../../../Qt5.14.2/5.14.2/gcc_64/lib/cmake/Qt5Gui/Qt5Gui_QSvgIconPlugin.cmake">
			<Option virtualFolder="CMake Files\..\..\..\..\Qt5.14.2\5.14.2\gcc_64\lib\cmake\Qt5Gui\"/>
		</Unit>
		<Unit filename="/home/yuanluochen/code/working/Fitness-Eqiupment/Fitness-Equipment/../../../../Qt5.14.2/5.14.2/gcc_64/lib/cmake/Qt5Gui/Qt5Gui_QSvgPlugin.cmake">
			<Option virtualFolder="CMake Files\..\..\..\..\Qt5.14.2\5.14.2\gcc_64\lib\cmake\Qt5Gui\"/>
		</Unit>
		<Unit filename="/home/yuanluochen/code/working/Fitness-Eqiupment/Fitness-Equipment/../../../../Qt5.14.2/5.14.2/gcc_64/lib/cmake/Qt5Gui/Qt5Gui_QTgaPlugin.cmake">
			<Option virtualFolder="CMake Files\..\..\..\..\Qt5.14.2\5.14.2\gcc_64\lib\cmake\Qt5Gui\"/>
		</Unit>
		<Unit filename="/home/yuanluochen/code/working/Fitness-Eqiupment/Fitness-Equipment/../../../../Qt5.14.2/5.14.2/gcc_64/lib/cmake/Qt5Gui/Qt5Gui_QTiffPlugin.cmake">
			<Option virtualFolder="CMake Files\..\..\..\..\Qt5.14.2\5.14.2\gcc_64\lib\cmake\Qt5Gui\"/>
		</Unit>
		<Unit filename="/home/yuanluochen/code/working/Fitness-Eqiupment/Fitness-Equipment/../../../../Qt5.14.2/5.14.2/gcc_64/lib/cmake/Qt5Gui/Qt5Gui_QTuioTouchPlugin.cmake">
			<Option virtualFolder="CMake Files\..\..\..\..\Qt5.14.2\5.14.2\gcc_64\lib\cmake\Qt5Gui\"/>
		</Unit>
		<Unit filename="/home/yuanluochen/code/working/Fitness-Eqiupment/Fitness-Equipment/../../../../Qt5.14.2/5.14.2/gcc_64/lib/cmake/Qt5Gui/Qt5Gui_QVirtualKeyboardPlugin.cmake">
			<Option virtualFolder="CMake Files\..\..\..\..\Qt5.14.2\5.14.2\gcc_64\lib\cmake\Qt5Gui\"/>
		</Unit>
		<Unit filename="/home/yuanluochen/code/working/Fitness-Eqiupment/Fitness-Equipment/../../../../Qt5.14.2/5.14.2/gcc_64/lib/cmake/Qt5Gui/Qt5Gui_QVncIntegrationPlugin.cmake">
			<Option virtualFolder="CMake Files\..\..\..\..\Qt5.14.2\5.14.2\gcc_64\lib\cmake\Qt5Gui\"/>
		</Unit>
		<Unit filename="/home/yuanluochen/code/working/Fitness-Eqiupment/Fitness-Equipment/../../../../Qt5.14.2/5.14.2/gcc_64/lib/cmake/Qt5Gui/Qt5Gui_QWaylandEglPlatformIntegrationPlugin.cmake">
			<Option virtualFolder="CMake Files\..\..\..\..\Qt5.14.2\5.14.2\gcc_64\lib\cmake\Qt5Gui\"/>
		</Unit>
		<Unit filename="/home/yuanluochen/code/working/Fitness-Eqiupment/Fitness-Equipment/../../../../Qt5.14.2/5.14.2/gcc_64/lib/cmake/Qt5Gui/Qt5Gui_QWaylandIntegrationPlugin.cmake">
			<Option virtualFolder="CMake Files\..\..\..\..\Qt5.14.2\5.14.2\gcc_64\lib\cmake\Qt5Gui\"/>
		</Unit>
		<Unit filename="/home/yuanluochen/code/working/Fitness-Eqiupment/Fitness-Equipment/../../../../Qt5.14.2/5.14.2/gcc_64/lib/cmake/Qt5Gui/Qt5Gui_QWaylandXCompositeEglPlatformIntegrationPlugin.cmake">
			<Option virtualFolder="CMake Files\..\..\..\..\Qt5.14.2\5.14.2\gcc_64\lib\cmake\Qt5Gui\"/>
		</Unit>
		<Unit filename="/home/yuanluochen/code/working/Fitness-Eqiupment/Fitness-Equipment/../../../../Qt5.14.2/5.14.2/gcc_64/lib/cmake/Qt5Gui/Qt5Gui_QWaylandXCompositeGlxPlatformIntegrationPlugin.cmake">
			<Option virtualFolder="CMake Files\..\..\..\..\Qt5.14.2\5.14.2\gcc_64\lib\cmake\Qt5Gui\"/>
		</Unit>
		<Unit filename="/home/yuanluochen/code/working/Fitness-Eqiupment/Fitness-Equipment/../../../../Qt5.14.2/5.14.2/gcc_64/lib/cmake/Qt5Gui/Qt5Gui_QWbmpPlugin.cmake">
			<Option virtualFolder="CMake Files\..\..\..\..\Qt5.14.2\5.14.2\gcc_64\lib\cmake\Qt5Gui\"/>
		</Unit>
		<Unit filename="/home/yuanluochen/code/working/Fitness-Eqiupment/Fitness-Equipment/../../../../Qt5.14.2/5.14.2/gcc_64/lib/cmake/Qt5Gui/Qt5Gui_QWebGLIntegrationPlugin.cmake">
			<Option virtualFolder="CMake Files\..\..\..\..\Qt5.14.2\5.14.2\gcc_64\lib\cmake\Qt5Gui\"/>
		</Unit>
		<Unit filename="/home/yuanluochen/code/working/Fitness-Eqiupment/Fitness-Equipment/../../../../Qt5.14.2/5.14.2/gcc_64/lib/cmake/Qt5Gui/Qt5Gui_QWebpPlugin.cmake">
			<Option virtualFolder="CMake Files\..\..\..\..\Qt5.14.2\5.14.2\gcc_64\lib\cmake\Qt5Gui\"/>
		</Unit>
		<Unit filename="/home/yuanluochen/code/working/Fitness-Eqiupment/Fitness-Equipment/../../../../Qt5.14.2/5.14.2/gcc_64/lib/cmake/Qt5Gui/Qt5Gui_QXcbEglIntegrationPlugin.cmake">
			<Option virtualFolder="CMake Files\..\..\..\..\Qt5.14.2\5.14.2\gcc_64\lib\cmake\Qt5Gui\"/>
		</Unit>
		<Unit filename="/home/yuanluochen/code/working/Fitness-Eqiupment/Fitness-Equipment/../../../../Qt5.14.2/5.14.2/gcc_64/lib/cmake/Qt5Gui/Qt5Gui_QXcbGlxIntegrationPlugin.cmake">
			<Option virtualFolder="CMake Files\..\..\..\..\Qt5.14.2\5.14.2\gcc_64\lib\cmake\Qt5Gui\"/>
		</Unit>
		<Unit filename="/home/yuanluochen/code/working/Fitness-Eqiupment/Fitness-Equipment/../../../../Qt5.14.2/5.14.2/gcc_64/lib/cmake/Qt5Gui/Qt5Gui_QXcbIntegrationPlugin.cmake">
			<Option virtualFolder="CMake Files\..\..\..\..\Qt5.14.2\5.14.2\gcc_64\lib\cmake\Qt5Gui\"/>
		</Unit>
		<Unit filename="/home/yuanluochen/code/working/Fitness-Eqiupment/Fitness-Equipment/../../../../Qt5.14.2/5.14.2/gcc_64/lib/cmake/Qt5Gui/Qt5Gui_QXdgDesktopPortalThemePlugin.cmake">
			<Option virtualFolder="CMake Files\..\..\..\..\Qt5.14.2\5.14.2\gcc_64\lib\cmake\Qt5Gui\"/>
		</Unit>
		<Unit filename="/home/yuanluochen/code/working/Fitness-Eqiupment/Fitness-Equipment/../../../../Qt5.14.2/5.14.2/gcc_64/lib/cmake/Qt5Core/Qt5CoreConfig.cmake">
			<Option virtualFolder="CMake Files\..\..\..\..\Qt5.14.2\5.14.2\gcc_64\lib\cmake\Qt5Core\"/>
		</Unit>
		<Unit filename="/home/yuanluochen/code/working/Fitness-Eqiupment/Fitness-Equipment/../../../../Qt5.14.2/5.14.2/gcc_64/lib/cmake/Qt5Core/Qt5CoreConfigExtras.cmake">
			<Option virtualFolder="CMake Files\..\..\..\..\Qt5.14.2\5.14.2\gcc_64\lib\cmake\Qt5Core\"/>
		</Unit>
		<Unit filename="/home/yuanluochen/code/working/Fitness-Eqiupment/Fitness-Equipment/../../../../Qt5.14.2/5.14.2/gcc_64/lib/cmake/Qt5Core/Qt5CoreConfigExtrasMkspecDir.cmake">
			<Option virtualFolder="CMake Files\..\..\..\..\Qt5.14.2\5.14.2\gcc_64\lib\cmake\Qt5Core\"/>
		</Unit>
		<Unit filename="/home/yuanluochen/code/working/Fitness-Eqiupment/Fitness-Equipment/../../../../Qt5.14.2/5.14.2/gcc_64/lib/cmake/Qt5Core/Qt5CoreConfigVersion.cmake">
			<Option virtualFolder="CMake Files\..\..\..\..\Qt5.14.2\5.14.2\gcc_64\lib\cmake\Qt5Core\"/>
		</Unit>
		<Unit filename="/home/yuanluochen/code/working/Fitness-Eqiupment/Fitness-Equipment/../../../../Qt5.14.2/5.14.2/gcc_64/lib/cmake/Qt5Core/Qt5CoreMacros.cmake">
			<Option virtualFolder="CMake Files\..\..\..\..\Qt5.14.2\5.14.2\gcc_64\lib\cmake\Qt5Core\"/>
		</Unit>
	</Project>
</CodeBlocks_project_file>
